// !$*UTF8*$!
{
	archiveVersion = 1;
	classes = {
	};
	objectVersion = 55;
	objects = {

/* Begin PBXBuildFile section */
		045140560EDBF0150C683123 /* Pods_OCSTests.framework in Frameworks */ = {isa = PBXBuildFile; fileRef = 3C8D42050E5C73B164A320F1 /* Pods_OCSTests.framework */; };
		6773830A2746FDB6003643E4 /* AppDelegate.swift in Sources */ = {isa = PBXBuildFile; fileRef = 677383092746FDB6003643E4 /* AppDelegate.swift */; };
		6773830C2746FDB6003643E4 /* SceneDelegate.swift in Sources */ = {isa = PBXBuildFile; fileRef = 6773830B2746FDB6003643E4 /* SceneDelegate.swift */; };
		677383132746FDB8003643E4 /* Assets.xcassets in Resources */ = {isa = PBXBuildFile; fileRef = 677383122746FDB8003643E4 /* Assets.xcassets */; };
		677383162746FDB8003643E4 /* LaunchScreen.storyboard in Resources */ = {isa = PBXBuildFile; fileRef = 677383142746FDB8003643E4 /* LaunchScreen.storyboard */; };
		6773833F2747064D003643E4 /* Configurations.swift in Sources */ = {isa = PBXBuildFile; fileRef = 6773833E2747064D003643E4 /* Configurations.swift */; };
		677543EA2747AA4100F9FC97 /* ContentsApiProvider.swift in Sources */ = {isa = PBXBuildFile; fileRef = 677543E92747AA4100F9FC97 /* ContentsApiProvider.swift */; };
		677543EC2747AC4800F9FC97 /* Content.swift in Sources */ = {isa = PBXBuildFile; fileRef = 677543EB2747AC4800F9FC97 /* Content.swift */; };
		677543EE2747ACC600F9FC97 /* ContentsApiProviderImpl.swift in Sources */ = {isa = PBXBuildFile; fileRef = 677543ED2747ACC600F9FC97 /* ContentsApiProviderImpl.swift */; };
		677543F52747BE5E00F9FC97 /* ContentNTDto.swift in Sources */ = {isa = PBXBuildFile; fileRef = 677543F42747BE5E00F9FC97 /* ContentNTDto.swift */; };
		677543FD2748048000F9FC97 /* HTTPClient.swift in Sources */ = {isa = PBXBuildFile; fileRef = 677543FC2748048000F9FC97 /* HTTPClient.swift */; };
		6775440627485E1300F9FC97 /* HTTPClientTests.swift in Sources */ = {isa = PBXBuildFile; fileRef = 6775440527485E1300F9FC97 /* HTTPClientTests.swift */; };
		67754408274AAF4900F9FC97 /* contents_search_title_Game.json in Resources */ = {isa = PBXBuildFile; fileRef = 67754407274AAF4900F9FC97 /* contents_search_title_Game.json */; };
		6775440B274AB02200F9FC97 /* ContentsApiProviderImplTests.swift in Sources */ = {isa = PBXBuildFile; fileRef = 6775440A274AB02200F9FC97 /* ContentsApiProviderImplTests.swift */; };
		B9DE2C2F3F96FDDF0731937A /* Pods_OCS.framework in Frameworks */ = {isa = PBXBuildFile; fileRef = 7723FAE8936B04B3D5967750 /* Pods_OCS.framework */; };
/* End PBXBuildFile section */

/* Begin PBXContainerItemProxy section */
		677383252746FDE0003643E4 /* PBXContainerItemProxy */ = {
			isa = PBXContainerItemProxy;
			containerPortal = 677382FE2746FDB6003643E4 /* Project object */;
			proxyType = 1;
			remoteGlobalIDString = 677383052746FDB6003643E4;
			remoteInfo = OCS;
		};
/* End PBXContainerItemProxy section */

/* Begin PBXFileReference section */
		21869BA97D85D325757E4593 /* Pods-OCSTests.release.xcconfig */ = {isa = PBXFileReference; includeInIndex = 1; lastKnownFileType = text.xcconfig; name = "Pods-OCSTests.release.xcconfig"; path = "Target Support Files/Pods-OCSTests/Pods-OCSTests.release.xcconfig"; sourceTree = "<group>"; };
		2E71DD78211192362495A1F4 /* Pods-OCSTests.stage.xcconfig */ = {isa = PBXFileReference; includeInIndex = 1; lastKnownFileType = text.xcconfig; name = "Pods-OCSTests.stage.xcconfig"; path = "Target Support Files/Pods-OCSTests/Pods-OCSTests.stage.xcconfig"; sourceTree = "<group>"; };
		3C8D42050E5C73B164A320F1 /* Pods_OCSTests.framework */ = {isa = PBXFileReference; explicitFileType = wrapper.framework; includeInIndex = 0; path = Pods_OCSTests.framework; sourceTree = BUILT_PRODUCTS_DIR; };
		569170AB5EF2C723BA49740F /* Pods-OCS.debug.xcconfig */ = {isa = PBXFileReference; includeInIndex = 1; lastKnownFileType = text.xcconfig; name = "Pods-OCS.debug.xcconfig"; path = "Target Support Files/Pods-OCS/Pods-OCS.debug.xcconfig"; sourceTree = "<group>"; };
		677383062746FDB6003643E4 /* OCS.app */ = {isa = PBXFileReference; explicitFileType = wrapper.application; includeInIndex = 0; path = OCS.app; sourceTree = BUILT_PRODUCTS_DIR; };
		677383092746FDB6003643E4 /* AppDelegate.swift */ = {isa = PBXFileReference; lastKnownFileType = sourcecode.swift; path = AppDelegate.swift; sourceTree = "<group>"; };
		6773830B2746FDB6003643E4 /* SceneDelegate.swift */ = {isa = PBXFileReference; lastKnownFileType = sourcecode.swift; path = SceneDelegate.swift; sourceTree = "<group>"; };
		677383122746FDB8003643E4 /* Assets.xcassets */ = {isa = PBXFileReference; lastKnownFileType = folder.assetcatalog; path = Assets.xcassets; sourceTree = "<group>"; };
		677383152746FDB8003643E4 /* Base */ = {isa = PBXFileReference; lastKnownFileType = file.storyboard; name = Base; path = Base.lproj/LaunchScreen.storyboard; sourceTree = "<group>"; };
		677383172746FDB8003643E4 /* Info.plist */ = {isa = PBXFileReference; lastKnownFileType = text.plist.xml; path = Info.plist; sourceTree = "<group>"; };
		677383212746FDE0003643E4 /* OCSTests.xctest */ = {isa = PBXFileReference; explicitFileType = wrapper.cfbundle; includeInIndex = 0; path = OCSTests.xctest; sourceTree = BUILT_PRODUCTS_DIR; };
		6773833B27470603003643E4 /* Dev.xcconfig */ = {isa = PBXFileReference; lastKnownFileType = text.xcconfig; path = Dev.xcconfig; sourceTree = "<group>"; };
		6773833C27470616003643E4 /* Stage.xcconfig */ = {isa = PBXFileReference; lastKnownFileType = text.xcconfig; path = Stage.xcconfig; sourceTree = "<group>"; };
		6773833D27470623003643E4 /* Prod.xcconfig */ = {isa = PBXFileReference; lastKnownFileType = text.xcconfig; path = Prod.xcconfig; sourceTree = "<group>"; };
		6773833E2747064D003643E4 /* Configurations.swift */ = {isa = PBXFileReference; lastKnownFileType = sourcecode.swift; path = Configurations.swift; sourceTree = "<group>"; };
		6773834027470665003643E4 /* Base.xcconfig */ = {isa = PBXFileReference; lastKnownFileType = text.xcconfig; path = Base.xcconfig; sourceTree = "<group>"; };
		677543E92747AA4100F9FC97 /* ContentsApiProvider.swift */ = {isa = PBXFileReference; lastKnownFileType = sourcecode.swift; path = ContentsApiProvider.swift; sourceTree = "<group>"; };
		677543EB2747AC4800F9FC97 /* Content.swift */ = {isa = PBXFileReference; lastKnownFileType = sourcecode.swift; path = Content.swift; sourceTree = "<group>"; };
		677543ED2747ACC600F9FC97 /* ContentsApiProviderImpl.swift */ = {isa = PBXFileReference; lastKnownFileType = sourcecode.swift; path = ContentsApiProviderImpl.swift; sourceTree = "<group>"; };
		677543F42747BE5E00F9FC97 /* ContentNTDto.swift */ = {isa = PBXFileReference; lastKnownFileType = sourcecode.swift; path = ContentNTDto.swift; sourceTree = "<group>"; };
		677543FC2748048000F9FC97 /* HTTPClient.swift */ = {isa = PBXFileReference; lastKnownFileType = sourcecode.swift; path = HTTPClient.swift; sourceTree = "<group>"; };
		6775440527485E1300F9FC97 /* HTTPClientTests.swift */ = {isa = PBXFileReference; lastKnownFileType = sourcecode.swift; path = HTTPClientTests.swift; sourceTree = "<group>"; };
		67754407274AAF4900F9FC97 /* contents_search_title_Game.json */ = {isa = PBXFileReference; lastKnownFileType = text.json; path = contents_search_title_Game.json; sourceTree = "<group>"; };
		6775440A274AB02200F9FC97 /* ContentsApiProviderImplTests.swift */ = {isa = PBXFileReference; lastKnownFileType = sourcecode.swift; path = ContentsApiProviderImplTests.swift; sourceTree = "<group>"; };
		7723FAE8936B04B3D5967750 /* Pods_OCS.framework */ = {isa = PBXFileReference; explicitFileType = wrapper.framework; includeInIndex = 0; path = Pods_OCS.framework; sourceTree = BUILT_PRODUCTS_DIR; };
		7C5A916283A0668016FDF7D5 /* Pods-OCS.dev.xcconfig */ = {isa = PBXFileReference; includeInIndex = 1; lastKnownFileType = text.xcconfig; name = "Pods-OCS.dev.xcconfig"; path = "Target Support Files/Pods-OCS/Pods-OCS.dev.xcconfig"; sourceTree = "<group>"; };
		7E3D1D6AACD435369F7FA286 /* Pods-OCSTests.dev.xcconfig */ = {isa = PBXFileReference; includeInIndex = 1; lastKnownFileType = text.xcconfig; name = "Pods-OCSTests.dev.xcconfig"; path = "Target Support Files/Pods-OCSTests/Pods-OCSTests.dev.xcconfig"; sourceTree = "<group>"; };
		90278E601B3666ECA2AC0989 /* Pods-OCSTests.prod.xcconfig */ = {isa = PBXFileReference; includeInIndex = 1; lastKnownFileType = text.xcconfig; name = "Pods-OCSTests.prod.xcconfig"; path = "Target Support Files/Pods-OCSTests/Pods-OCSTests.prod.xcconfig"; sourceTree = "<group>"; };
		90CC5BDF74D5054A9C188365 /* Pods-OCSTests.debug.xcconfig */ = {isa = PBXFileReference; includeInIndex = 1; lastKnownFileType = text.xcconfig; name = "Pods-OCSTests.debug.xcconfig"; path = "Target Support Files/Pods-OCSTests/Pods-OCSTests.debug.xcconfig"; sourceTree = "<group>"; };
		923354EAA23E990C70D22C4A /* Pods-OCS.release.xcconfig */ = {isa = PBXFileReference; includeInIndex = 1; lastKnownFileType = text.xcconfig; name = "Pods-OCS.release.xcconfig"; path = "Target Support Files/Pods-OCS/Pods-OCS.release.xcconfig"; sourceTree = "<group>"; };
		AB9F61A77B918599C1AD816F /* Pods-OCS.stage.xcconfig */ = {isa = PBXFileReference; includeInIndex = 1; lastKnownFileType = text.xcconfig; name = "Pods-OCS.stage.xcconfig"; path = "Target Support Files/Pods-OCS/Pods-OCS.stage.xcconfig"; sourceTree = "<group>"; };
		E4461B1BDA8F77AAD9C1314D /* Pods-OCS.prod.xcconfig */ = {isa = PBXFileReference; includeInIndex = 1; lastKnownFileType = text.xcconfig; name = "Pods-OCS.prod.xcconfig"; path = "Target Support Files/Pods-OCS/Pods-OCS.prod.xcconfig"; sourceTree = "<group>"; };
/* End PBXFileReference section */

/* Begin PBXFrameworksBuildPhase section */
		677383032746FDB6003643E4 /* Frameworks */ = {
			isa = PBXFrameworksBuildPhase;
			buildActionMask = 2147483647;
			files = (
				B9DE2C2F3F96FDDF0731937A /* Pods_OCS.framework in Frameworks */,
			);
			runOnlyForDeploymentPostprocessing = 0;
		};
		6773831E2746FDE0003643E4 /* Frameworks */ = {
			isa = PBXFrameworksBuildPhase;
			buildActionMask = 2147483647;
			files = (
				045140560EDBF0150C683123 /* Pods_OCSTests.framework in Frameworks */,
			);
			runOnlyForDeploymentPostprocessing = 0;
		};
/* End PBXFrameworksBuildPhase section */

/* Begin PBXGroup section */
		05E1A72EEE96AB4B6F5CAF11 /* Frameworks */ = {
			isa = PBXGroup;
			children = (
				7723FAE8936B04B3D5967750 /* Pods_OCS.framework */,
				3C8D42050E5C73B164A320F1 /* Pods_OCSTests.framework */,
			);
			name = Frameworks;
			sourceTree = "<group>";
		};
		633EB18D9F30D219887AFF7B /* Pods */ = {
			isa = PBXGroup;
			children = (
				569170AB5EF2C723BA49740F /* Pods-OCS.debug.xcconfig */,
				923354EAA23E990C70D22C4A /* Pods-OCS.release.xcconfig */,
				90CC5BDF74D5054A9C188365 /* Pods-OCSTests.debug.xcconfig */,
				21869BA97D85D325757E4593 /* Pods-OCSTests.release.xcconfig */,
				7C5A916283A0668016FDF7D5 /* Pods-OCS.dev.xcconfig */,
				AB9F61A77B918599C1AD816F /* Pods-OCS.stage.xcconfig */,
				E4461B1BDA8F77AAD9C1314D /* Pods-OCS.prod.xcconfig */,
				7E3D1D6AACD435369F7FA286 /* Pods-OCSTests.dev.xcconfig */,
				2E71DD78211192362495A1F4 /* Pods-OCSTests.stage.xcconfig */,
				90278E601B3666ECA2AC0989 /* Pods-OCSTests.prod.xcconfig */,
			);
			path = Pods;
			sourceTree = "<group>";
		};
		677382FD2746FDB6003643E4 = {
			isa = PBXGroup;
			children = (
				677383082746FDB6003643E4 /* OCS */,
				677383222746FDE0003643E4 /* OCSTests */,
				677383072746FDB6003643E4 /* Products */,
				633EB18D9F30D219887AFF7B /* Pods */,
				05E1A72EEE96AB4B6F5CAF11 /* Frameworks */,
			);
			sourceTree = "<group>";
		};
		677383072746FDB6003643E4 /* Products */ = {
			isa = PBXGroup;
			children = (
				677383062746FDB6003643E4 /* OCS.app */,
				677383212746FDE0003643E4 /* OCSTests.xctest */,
			);
			name = Products;
			sourceTree = "<group>";
		};
		677383082746FDB6003643E4 /* OCS */ = {
			isa = PBXGroup;
			children = (
				6773832B2746FE6C003643E4 /* Application */,
				6773832A2746FE68003643E4 /* DI */,
				6773832C2746FE7A003643E4 /* Presentation */,
				677383302746FEC7003643E4 /* Domain */,
				6773832F2746FEC5003643E4 /* Data */,
				6773832D2746FE9D003643E4 /* Resources */,
			);
			path = OCS;
			sourceTree = "<group>";
		};
		677383222746FDE0003643E4 /* OCSTests */ = {
			isa = PBXGroup;
			children = (
				677543EF2747B05700F9FC97 /* Data */,
			);
			path = OCSTests;
			sourceTree = "<group>";
		};
		6773832A2746FE68003643E4 /* DI */ = {
			isa = PBXGroup;
			children = (
			);
			path = DI;
			sourceTree = "<group>";
		};
		6773832B2746FE6C003643E4 /* Application */ = {
			isa = PBXGroup;
			children = (
				677383092746FDB6003643E4 /* AppDelegate.swift */,
				6773830B2746FDB6003643E4 /* SceneDelegate.swift */,
			);
			path = Application;
			sourceTree = "<group>";
		};
		6773832C2746FE7A003643E4 /* Presentation */ = {
			isa = PBXGroup;
			children = (
				677383312746FF22003643E4 /* Coordinator */,
				677383322746FF29003643E4 /* Views */,
				677383332746FF2E003643E4 /* Extensions */,
			);
			path = Presentation;
			sourceTree = "<group>";
		};
		6773832D2746FE9D003643E4 /* Resources */ = {
			isa = PBXGroup;
			children = (
				6773833A274705D5003643E4 /* Environments */,
				677383122746FDB8003643E4 /* Assets.xcassets */,
				677383172746FDB8003643E4 /* Info.plist */,
				677383142746FDB8003643E4 /* LaunchScreen.storyboard */,
			);
			path = Resources;
			sourceTree = "<group>";
		};
		6773832F2746FEC5003643E4 /* Data */ = {
			isa = PBXGroup;
			children = (
				677543FB2748047400F9FC97 /* Client */,
				677383372746FF61003643E4 /* Providers */,
			);
			path = Data;
			sourceTree = "<group>";
		};
		677383302746FEC7003643E4 /* Domain */ = {
			isa = PBXGroup;
			children = (
				677383362746FF49003643E4 /* Entities */,
				677383352746FF47003643E4 /* UseCases */,
				677383342746FF45003643E4 /* Providers */,
			);
			path = Domain;
			sourceTree = "<group>";
		};
		677383312746FF22003643E4 /* Coordinator */ = {
			isa = PBXGroup;
			children = (
			);
			path = Coordinator;
			sourceTree = "<group>";
		};
		677383322746FF29003643E4 /* Views */ = {
			isa = PBXGroup;
			children = (
			);
			path = Views;
			sourceTree = "<group>";
		};
		677383332746FF2E003643E4 /* Extensions */ = {
			isa = PBXGroup;
			children = (
			);
			path = Extensions;
			sourceTree = "<group>";
		};
		677383342746FF45003643E4 /* Providers */ = {
			isa = PBXGroup;
			children = (
				677543E92747AA4100F9FC97 /* ContentsApiProvider.swift */,
			);
			path = Providers;
			sourceTree = "<group>";
		};
		677383352746FF47003643E4 /* UseCases */ = {
			isa = PBXGroup;
			children = (
			);
			path = UseCases;
			sourceTree = "<group>";
		};
		677383362746FF49003643E4 /* Entities */ = {
			isa = PBXGroup;
			children = (
				677543EB2747AC4800F9FC97 /* Content.swift */,
			);
			path = Entities;
			sourceTree = "<group>";
		};
		677383372746FF61003643E4 /* Providers */ = {
			isa = PBXGroup;
			children = (
				6775440C274AB04100F9FC97 /* Network */,
			);
			path = Providers;
			sourceTree = "<group>";
		};
		6773833A274705D5003643E4 /* Environments */ = {
			isa = PBXGroup;
			children = (
				6773833E2747064D003643E4 /* Configurations.swift */,
				6773834027470665003643E4 /* Base.xcconfig */,
				6773833B27470603003643E4 /* Dev.xcconfig */,
				6773833C27470616003643E4 /* Stage.xcconfig */,
				6773833D27470623003643E4 /* Prod.xcconfig */,
			);
			path = Environments;
			sourceTree = "<group>";
		};
		677543EF2747B05700F9FC97 /* Data */ = {
			isa = PBXGroup;
			children = (
				6775440027485CDC00F9FC97 /* Client */,
				67754409274AAFB300F9FC97 /* Providers */,
			);
			path = Data;
			sourceTree = "<group>";
		};
		677543F32747B20A00F9FC97 /* Dto */ = {
			isa = PBXGroup;
			children = (
				677543F42747BE5E00F9FC97 /* ContentNTDto.swift */,
			);
			path = Dto;
			sourceTree = "<group>";
		};
		677543FB2748047400F9FC97 /* Client */ = {
			isa = PBXGroup;
			children = (
				677543FC2748048000F9FC97 /* HTTPClient.swift */,
			);
			path = Client;
			sourceTree = "<group>";
		};
		6775440027485CDC00F9FC97 /* Client */ = {
			isa = PBXGroup;
			children = (
				6775440527485E1300F9FC97 /* HTTPClientTests.swift */,
			);
			path = Client;
			sourceTree = "<group>";
		};
		67754409274AAFB300F9FC97 /* Providers */ = {
			isa = PBXGroup;
			children = (
				6775440D274AB06500F9FC97 /* Network */,
			);
			path = Providers;
			sourceTree = "<group>";
		};
		6775440C274AB04100F9FC97 /* Network */ = {
			isa = PBXGroup;
			children = (
				677543F32747B20A00F9FC97 /* Dto */,
				677543ED2747ACC600F9FC97 /* ContentsApiProviderImpl.swift */,
			);
			path = Network;
			sourceTree = "<group>";
		};
		6775440D274AB06500F9FC97 /* Network */ = {
			isa = PBXGroup;
			children = (
				67754407274AAF4900F9FC97 /* contents_search_title_Game.json */,
				6775440A274AB02200F9FC97 /* ContentsApiProviderImplTests.swift */,
			);
			path = Network;
			sourceTree = "<group>";
		};
/* End PBXGroup section */

/* Begin PBXNativeTarget section */
		677383052746FDB6003643E4 /* OCS */ = {
			isa = PBXNativeTarget;
			buildConfigurationList = 6773831A2746FDB8003643E4 /* Build configuration list for PBXNativeTarget "OCS" */;
			buildPhases = (
				422358D18C88FF2ED6ADFBDA /* [CP] Check Pods Manifest.lock */,
				6773833827470051003643E4 /* SwiftLint */,
				677383022746FDB6003643E4 /* Sources */,
				677383032746FDB6003643E4 /* Frameworks */,
				677383042746FDB6003643E4 /* Resources */,
			);
			buildRules = (
			);
			dependencies = (
			);
			name = OCS;
			productName = OCS;
			productReference = 677383062746FDB6003643E4 /* OCS.app */;
			productType = "com.apple.product-type.application";
		};
		677383202746FDE0003643E4 /* OCSTests */ = {
			isa = PBXNativeTarget;
			buildConfigurationList = 677383272746FDE0003643E4 /* Build configuration list for PBXNativeTarget "OCSTests" */;
			buildPhases = (
				17C42D70F4645FDA0B228CD6 /* [CP] Check Pods Manifest.lock */,
				6773831D2746FDE0003643E4 /* Sources */,
				6773831E2746FDE0003643E4 /* Frameworks */,
				6773831F2746FDE0003643E4 /* Resources */,
			);
			buildRules = (
			);
			dependencies = (
				677383262746FDE0003643E4 /* PBXTargetDependency */,
			);
			name = OCSTests;
			productName = OCSTests;
			productReference = 677383212746FDE0003643E4 /* OCSTests.xctest */;
			productType = "com.apple.product-type.bundle.unit-test";
		};
/* End PBXNativeTarget section */

/* Begin PBXProject section */
		677382FE2746FDB6003643E4 /* Project object */ = {
			isa = PBXProject;
			attributes = {
				BuildIndependentTargetsInParallel = 1;
				LastSwiftUpdateCheck = 1310;
				LastUpgradeCheck = 1310;
				TargetAttributes = {
					677383052746FDB6003643E4 = {
						CreatedOnToolsVersion = 13.1;
					};
					677383202746FDE0003643E4 = {
						CreatedOnToolsVersion = 13.1;
						LastSwiftMigration = 1310;
						TestTargetID = 677383052746FDB6003643E4;
					};
				};
			};
			buildConfigurationList = 677383012746FDB6003643E4 /* Build configuration list for PBXProject "OCS" */;
			compatibilityVersion = "Xcode 13.0";
			developmentRegion = en;
			hasScannedForEncodings = 0;
			knownRegions = (
				en,
				Base,
			);
			mainGroup = 677382FD2746FDB6003643E4;
			productRefGroup = 677383072746FDB6003643E4 /* Products */;
			projectDirPath = "";
			projectRoot = "";
			targets = (
				677383052746FDB6003643E4 /* OCS */,
				677383202746FDE0003643E4 /* OCSTests */,
			);
		};
/* End PBXProject section */

/* Begin PBXResourcesBuildPhase section */
		677383042746FDB6003643E4 /* Resources */ = {
			isa = PBXResourcesBuildPhase;
			buildActionMask = 2147483647;
			files = (
				677383162746FDB8003643E4 /* LaunchScreen.storyboard in Resources */,
				677383132746FDB8003643E4 /* Assets.xcassets in Resources */,
			);
			runOnlyForDeploymentPostprocessing = 0;
		};
		6773831F2746FDE0003643E4 /* Resources */ = {
			isa = PBXResourcesBuildPhase;
			buildActionMask = 2147483647;
			files = (
				67754408274AAF4900F9FC97 /* contents_search_title_Game.json in Resources */,
			);
			runOnlyForDeploymentPostprocessing = 0;
		};
/* End PBXResourcesBuildPhase section */

/* Begin PBXShellScriptBuildPhase section */
		17C42D70F4645FDA0B228CD6 /* [CP] Check Pods Manifest.lock */ = {
			isa = PBXShellScriptBuildPhase;
			buildActionMask = 2147483647;
			files = (
			);
			inputFileListPaths = (
			);
			inputPaths = (
				"${PODS_PODFILE_DIR_PATH}/Podfile.lock",
				"${PODS_ROOT}/Manifest.lock",
			);
			name = "[CP] Check Pods Manifest.lock";
			outputFileListPaths = (
			);
			outputPaths = (
				"$(DERIVED_FILE_DIR)/Pods-OCSTests-checkManifestLockResult.txt",
			);
			runOnlyForDeploymentPostprocessing = 0;
			shellPath = /bin/sh;
			shellScript = "diff \"${PODS_PODFILE_DIR_PATH}/Podfile.lock\" \"${PODS_ROOT}/Manifest.lock\" > /dev/null\nif [ $? != 0 ] ; then\n    # print error to STDERR\n    echo \"error: The sandbox is not in sync with the Podfile.lock. Run 'pod install' or update your CocoaPods installation.\" >&2\n    exit 1\nfi\n# This output is used by Xcode 'outputs' to avoid re-running this script phase.\necho \"SUCCESS\" > \"${SCRIPT_OUTPUT_FILE_0}\"\n";
			showEnvVarsInLog = 0;
		};
		422358D18C88FF2ED6ADFBDA /* [CP] Check Pods Manifest.lock */ = {
			isa = PBXShellScriptBuildPhase;
			buildActionMask = 2147483647;
			files = (
			);
			inputFileListPaths = (
			);
			inputPaths = (
				"${PODS_PODFILE_DIR_PATH}/Podfile.lock",
				"${PODS_ROOT}/Manifest.lock",
			);
			name = "[CP] Check Pods Manifest.lock";
			outputFileListPaths = (
			);
			outputPaths = (
				"$(DERIVED_FILE_DIR)/Pods-OCS-checkManifestLockResult.txt",
			);
			runOnlyForDeploymentPostprocessing = 0;
			shellPath = /bin/sh;
			shellScript = "diff \"${PODS_PODFILE_DIR_PATH}/Podfile.lock\" \"${PODS_ROOT}/Manifest.lock\" > /dev/null\nif [ $? != 0 ] ; then\n    # print error to STDERR\n    echo \"error: The sandbox is not in sync with the Podfile.lock. Run 'pod install' or update your CocoaPods installation.\" >&2\n    exit 1\nfi\n# This output is used by Xcode 'outputs' to avoid re-running this script phase.\necho \"SUCCESS\" > \"${SCRIPT_OUTPUT_FILE_0}\"\n";
			showEnvVarsInLog = 0;
		};
		6773833827470051003643E4 /* SwiftLint */ = {
			isa = PBXShellScriptBuildPhase;
			buildActionMask = 2147483647;
			files = (
			);
			inputFileListPaths = (
			);
			inputPaths = (
			);
			name = SwiftLint;
			outputFileListPaths = (
			);
			outputPaths = (
			);
			runOnlyForDeploymentPostprocessing = 0;
			shellPath = /bin/sh;
			shellScript = "# You might want to move your SwiftLint phase directly before 'Compile Sources' step, to detect errors quickly before compiling.\n\"${PODS_ROOT}/SwiftLint/swiftlint\"\n";
		};
/* End PBXShellScriptBuildPhase section */

/* Begin PBXSourcesBuildPhase section */
		677383022746FDB6003643E4 /* Sources */ = {
			isa = PBXSourcesBuildPhase;
			buildActionMask = 2147483647;
			files = (
				6773830A2746FDB6003643E4 /* AppDelegate.swift in Sources */,
				677543EE2747ACC600F9FC97 /* ContentsApiProviderImpl.swift in Sources */,
				6773830C2746FDB6003643E4 /* SceneDelegate.swift in Sources */,
				677543EA2747AA4100F9FC97 /* ContentsApiProvider.swift in Sources */,
				6773833F2747064D003643E4 /* Configurations.swift in Sources */,
				677543FD2748048000F9FC97 /* HTTPClient.swift in Sources */,
				677543F52747BE5E00F9FC97 /* ContentNTDto.swift in Sources */,
				677543EC2747AC4800F9FC97 /* Content.swift in Sources */,
			);
			runOnlyForDeploymentPostprocessing = 0;
		};
		6773831D2746FDE0003643E4 /* Sources */ = {
			isa = PBXSourcesBuildPhase;
			buildActionMask = 2147483647;
			files = (
				6775440627485E1300F9FC97 /* HTTPClientTests.swift in Sources */,
				6775440B274AB02200F9FC97 /* ContentsApiProviderImplTests.swift in Sources */,
			);
			runOnlyForDeploymentPostprocessing = 0;
		};
/* End PBXSourcesBuildPhase section */

/* Begin PBXTargetDependency section */
		677383262746FDE0003643E4 /* PBXTargetDependency */ = {
			isa = PBXTargetDependency;
			target = 677383052746FDB6003643E4 /* OCS */;
			targetProxy = 677383252746FDE0003643E4 /* PBXContainerItemProxy */;
		};
/* End PBXTargetDependency section */

/* Begin PBXVariantGroup section */
		677383142746FDB8003643E4 /* LaunchScreen.storyboard */ = {
			isa = PBXVariantGroup;
			children = (
				677383152746FDB8003643E4 /* Base */,
			);
			name = LaunchScreen.storyboard;
			sourceTree = "<group>";
		};
/* End PBXVariantGroup section */

/* Begin XCBuildConfiguration section */
		677383182746FDB8003643E4 /* Dev */ = {
			isa = XCBuildConfiguration;
			baseConfigurationReference = 6773833B27470603003643E4 /* Dev.xcconfig */;
			buildSettings = {
				ALWAYS_SEARCH_USER_PATHS = NO;
				CLANG_ANALYZER_NONNULL = YES;
				CLANG_ANALYZER_NUMBER_OBJECT_CONVERSION = YES_AGGRESSIVE;
				CLANG_CXX_LANGUAGE_STANDARD = "gnu++17";
				CLANG_CXX_LIBRARY = "libc++";
				CLANG_ENABLE_MODULES = YES;
				CLANG_ENABLE_OBJC_ARC = YES;
				CLANG_ENABLE_OBJC_WEAK = YES;
				CLANG_WARN_BLOCK_CAPTURE_AUTORELEASING = YES;
				CLANG_WARN_BOOL_CONVERSION = YES;
				CLANG_WARN_COMMA = YES;
				CLANG_WARN_CONSTANT_CONVERSION = YES;
				CLANG_WARN_DEPRECATED_OBJC_IMPLEMENTATIONS = YES;
				CLANG_WARN_DIRECT_OBJC_ISA_USAGE = YES_ERROR;
				CLANG_WARN_DOCUMENTATION_COMMENTS = YES;
				CLANG_WARN_EMPTY_BODY = YES;
				CLANG_WARN_ENUM_CONVERSION = YES;
				CLANG_WARN_INFINITE_RECURSION = YES;
				CLANG_WARN_INT_CONVERSION = YES;
				CLANG_WARN_NON_LITERAL_NULL_CONVERSION = YES;
				CLANG_WARN_OBJC_IMPLICIT_RETAIN_SELF = YES;
				CLANG_WARN_OBJC_LITERAL_CONVERSION = YES;
				CLANG_WARN_OBJC_ROOT_CLASS = YES_ERROR;
				CLANG_WARN_QUOTED_INCLUDE_IN_FRAMEWORK_HEADER = YES;
				CLANG_WARN_RANGE_LOOP_ANALYSIS = YES;
				CLANG_WARN_STRICT_PROTOTYPES = YES;
				CLANG_WARN_SUSPICIOUS_MOVE = YES;
				CLANG_WARN_UNGUARDED_AVAILABILITY = YES_AGGRESSIVE;
				CLANG_WARN_UNREACHABLE_CODE = YES;
				CLANG_WARN__DUPLICATE_METHOD_MATCH = YES;
				COPY_PHASE_STRIP = NO;
				DEBUG_INFORMATION_FORMAT = dwarf;
				ENABLE_STRICT_OBJC_MSGSEND = YES;
				ENABLE_TESTABILITY = YES;
				GCC_C_LANGUAGE_STANDARD = gnu11;
				GCC_DYNAMIC_NO_PIC = NO;
				GCC_NO_COMMON_BLOCKS = YES;
				GCC_OPTIMIZATION_LEVEL = 0;
				GCC_PREPROCESSOR_DEFINITIONS = (
					"DEBUG=1",
					"$(inherited)",
				);
				GCC_WARN_64_TO_32_BIT_CONVERSION = YES;
				GCC_WARN_ABOUT_RETURN_TYPE = YES_ERROR;
				GCC_WARN_UNDECLARED_SELECTOR = YES;
				GCC_WARN_UNINITIALIZED_AUTOS = YES_AGGRESSIVE;
				GCC_WARN_UNUSED_FUNCTION = YES;
				GCC_WARN_UNUSED_VARIABLE = YES;
				IPHONEOS_DEPLOYMENT_TARGET = 13.0;
				MTL_ENABLE_DEBUG_INFO = INCLUDE_SOURCE;
				MTL_FAST_MATH = YES;
				ONLY_ACTIVE_ARCH = YES;
				SDKROOT = iphoneos;
				SWIFT_ACTIVE_COMPILATION_CONDITIONS = DEBUG;
				SWIFT_OPTIMIZATION_LEVEL = "-Onone";
			};
			name = Dev;
		};
		677383192746FDB8003643E4 /* Prod */ = {
			isa = XCBuildConfiguration;
			baseConfigurationReference = 6773833D27470623003643E4 /* Prod.xcconfig */;
			buildSettings = {
				ALWAYS_SEARCH_USER_PATHS = NO;
				CLANG_ANALYZER_NONNULL = YES;
				CLANG_ANALYZER_NUMBER_OBJECT_CONVERSION = YES_AGGRESSIVE;
				CLANG_CXX_LANGUAGE_STANDARD = "gnu++17";
				CLANG_CXX_LIBRARY = "libc++";
				CLANG_ENABLE_MODULES = YES;
				CLANG_ENABLE_OBJC_ARC = YES;
				CLANG_ENABLE_OBJC_WEAK = YES;
				CLANG_WARN_BLOCK_CAPTURE_AUTORELEASING = YES;
				CLANG_WARN_BOOL_CONVERSION = YES;
				CLANG_WARN_COMMA = YES;
				CLANG_WARN_CONSTANT_CONVERSION = YES;
				CLANG_WARN_DEPRECATED_OBJC_IMPLEMENTATIONS = YES;
				CLANG_WARN_DIRECT_OBJC_ISA_USAGE = YES_ERROR;
				CLANG_WARN_DOCUMENTATION_COMMENTS = YES;
				CLANG_WARN_EMPTY_BODY = YES;
				CLANG_WARN_ENUM_CONVERSION = YES;
				CLANG_WARN_INFINITE_RECURSION = YES;
				CLANG_WARN_INT_CONVERSION = YES;
				CLANG_WARN_NON_LITERAL_NULL_CONVERSION = YES;
				CLANG_WARN_OBJC_IMPLICIT_RETAIN_SELF = YES;
				CLANG_WARN_OBJC_LITERAL_CONVERSION = YES;
				CLANG_WARN_OBJC_ROOT_CLASS = YES_ERROR;
				CLANG_WARN_QUOTED_INCLUDE_IN_FRAMEWORK_HEADER = YES;
				CLANG_WARN_RANGE_LOOP_ANALYSIS = YES;
				CLANG_WARN_STRICT_PROTOTYPES = YES;
				CLANG_WARN_SUSPICIOUS_MOVE = YES;
				CLANG_WARN_UNGUARDED_AVAILABILITY = YES_AGGRESSIVE;
				CLANG_WARN_UNREACHABLE_CODE = YES;
				CLANG_WARN__DUPLICATE_METHOD_MATCH = YES;
				COPY_PHASE_STRIP = NO;
				DEBUG_INFORMATION_FORMAT = "dwarf-with-dsym";
				ENABLE_NS_ASSERTIONS = NO;
				ENABLE_STRICT_OBJC_MSGSEND = YES;
				GCC_C_LANGUAGE_STANDARD = gnu11;
				GCC_NO_COMMON_BLOCKS = YES;
				GCC_WARN_64_TO_32_BIT_CONVERSION = YES;
				GCC_WARN_ABOUT_RETURN_TYPE = YES_ERROR;
				GCC_WARN_UNDECLARED_SELECTOR = YES;
				GCC_WARN_UNINITIALIZED_AUTOS = YES_AGGRESSIVE;
				GCC_WARN_UNUSED_FUNCTION = YES;
				GCC_WARN_UNUSED_VARIABLE = YES;
				IPHONEOS_DEPLOYMENT_TARGET = 13.0;
				MTL_ENABLE_DEBUG_INFO = NO;
				MTL_FAST_MATH = YES;
				SDKROOT = iphoneos;
				SWIFT_COMPILATION_MODE = wholemodule;
				SWIFT_OPTIMIZATION_LEVEL = "-O";
				VALIDATE_PRODUCT = YES;
			};
			name = Prod;
		};
		6773831B2746FDB8003643E4 /* Dev */ = {
			isa = XCBuildConfiguration;
			baseConfigurationReference = 7C5A916283A0668016FDF7D5 /* Pods-OCS.dev.xcconfig */;
			buildSettings = {
				ASSETCATALOG_COMPILER_APPICON_NAME = "${OCS_APP_ICON}";
				ASSETCATALOG_COMPILER_GLOBAL_ACCENT_COLOR_NAME = AccentColor;
				CODE_SIGN_STYLE = Automatic;
				CURRENT_PROJECT_VERSION = 1;
				DEVELOPMENT_TEAM = ARP9YH6Q9Z;
				ENABLE_TESTABILITY = YES;
				GENERATE_INFOPLIST_FILE = YES;
				INFOPLIST_FILE = OCS/Resources/Info.plist;
				INFOPLIST_KEY_UIApplicationSupportsIndirectInputEvents = YES;
				INFOPLIST_KEY_UILaunchStoryboardName = LaunchScreen;
				INFOPLIST_KEY_UISupportedInterfaceOrientations_iPad = "UIInterfaceOrientationPortrait UIInterfaceOrientationPortraitUpsideDown UIInterfaceOrientationLandscapeLeft UIInterfaceOrientationLandscapeRight";
				INFOPLIST_KEY_UISupportedInterfaceOrientations_iPhone = "UIInterfaceOrientationPortrait UIInterfaceOrientationLandscapeLeft UIInterfaceOrientationLandscapeRight";
				IPHONEOS_DEPLOYMENT_TARGET = 13.0;
				LD_RUNPATH_SEARCH_PATHS = (
					"$(inherited)",
					"@executable_path/Frameworks",
				);
				MARKETING_VERSION = 1.0;
				PRODUCT_BUNDLE_IDENTIFIER = "${OCS_APP_BUNDLE_IDENTIFIER}";
				PRODUCT_NAME = "$(TARGET_NAME)";
				SWIFT_EMIT_LOC_STRINGS = YES;
				SWIFT_VERSION = 5.0;
				TARGETED_DEVICE_FAMILY = "1,2";
			};
			name = Dev;
		};
		6773831C2746FDB8003643E4 /* Prod */ = {
			isa = XCBuildConfiguration;
			baseConfigurationReference = E4461B1BDA8F77AAD9C1314D /* Pods-OCS.prod.xcconfig */;
			buildSettings = {
				ASSETCATALOG_COMPILER_APPICON_NAME = "${OCS_APP_ICON}";
				ASSETCATALOG_COMPILER_GLOBAL_ACCENT_COLOR_NAME = AccentColor;
				CODE_SIGN_STYLE = Automatic;
				CURRENT_PROJECT_VERSION = 1;
				DEVELOPMENT_TEAM = ARP9YH6Q9Z;
				ENABLE_TESTABILITY = NO;
				GENERATE_INFOPLIST_FILE = YES;
				INFOPLIST_FILE = OCS/Resources/Info.plist;
				INFOPLIST_KEY_UIApplicationSupportsIndirectInputEvents = YES;
				INFOPLIST_KEY_UILaunchStoryboardName = LaunchScreen;
				INFOPLIST_KEY_UISupportedInterfaceOrientations_iPad = "UIInterfaceOrientationPortrait UIInterfaceOrientationPortraitUpsideDown UIInterfaceOrientationLandscapeLeft UIInterfaceOrientationLandscapeRight";
				INFOPLIST_KEY_UISupportedInterfaceOrientations_iPhone = "UIInterfaceOrientationPortrait UIInterfaceOrientationLandscapeLeft UIInterfaceOrientationLandscapeRight";
				IPHONEOS_DEPLOYMENT_TARGET = 13.0;
				LD_RUNPATH_SEARCH_PATHS = (
					"$(inherited)",
					"@executable_path/Frameworks",
				);
				MARKETING_VERSION = 1.0;
				PRODUCT_BUNDLE_IDENTIFIER = "${OCS_APP_BUNDLE_IDENTIFIER}";
				PRODUCT_NAME = "$(TARGET_NAME)";
				SWIFT_EMIT_LOC_STRINGS = YES;
				SWIFT_VERSION = 5.0;
				TARGETED_DEVICE_FAMILY = "1,2";
			};
			name = Prod;
		};
		677383282746FDE0003643E4 /* Dev */ = {
			isa = XCBuildConfiguration;
			baseConfigurationReference = 7E3D1D6AACD435369F7FA286 /* Pods-OCSTests.dev.xcconfig */;
			buildSettings = {
				BUNDLE_LOADER = "$(TEST_HOST)";
				CLANG_ENABLE_MODULES = YES;
				CODE_SIGN_STYLE = Automatic;
				CURRENT_PROJECT_VERSION = 1;
				DEVELOPMENT_TEAM = ARP9YH6Q9Z;
				GENERATE_INFOPLIST_FILE = YES;
				LD_RUNPATH_SEARCH_PATHS = (
					"$(inherited)",
					"@executable_path/Frameworks",
					"@loader_path/Frameworks",
				);
				MARKETING_VERSION = 1.0;
				PRODUCT_BUNDLE_IDENTIFIER = com.amine.OCSTests;
				PRODUCT_NAME = "$(TARGET_NAME)";
				SWIFT_EMIT_LOC_STRINGS = NO;
				SWIFT_OPTIMIZATION_LEVEL = "-Onone";
				SWIFT_VERSION = 5.0;
				TARGETED_DEVICE_FAMILY = "1,2";
				TEST_HOST = "$(BUILT_PRODUCTS_DIR)/OCS.app/OCS";
			};
			name = Dev;
		};
		677383292746FDE0003643E4 /* Prod */ = {
			isa = XCBuildConfiguration;
			baseConfigurationReference = 90278E601B3666ECA2AC0989 /* Pods-OCSTests.prod.xcconfig */;
			buildSettings = {
				BUNDLE_LOADER = "$(TEST_HOST)";
				CLANG_ENABLE_MODULES = YES;
				CODE_SIGN_STYLE = Automatic;
				CURRENT_PROJECT_VERSION = 1;
				DEVELOPMENT_TEAM = ARP9YH6Q9Z;
				GENERATE_INFOPLIST_FILE = YES;
				LD_RUNPATH_SEARCH_PATHS = (
					"$(inherited)",
					"@executable_path/Frameworks",
					"@loader_path/Frameworks",
				);
				MARKETING_VERSION = 1.0;
				PRODUCT_BUNDLE_IDENTIFIER = com.amine.OCSTests;
				PRODUCT_NAME = "$(TARGET_NAME)";
				SWIFT_EMIT_LOC_STRINGS = NO;
				SWIFT_VERSION = 5.0;
				TARGETED_DEVICE_FAMILY = "1,2";
				TEST_HOST = "$(BUILT_PRODUCTS_DIR)/OCS.app/OCS";
			};
			name = Prod;
		};
		6773834127470838003643E4 /* Stage */ = {
			isa = XCBuildConfiguration;
			baseConfigurationReference = 6773833C27470616003643E4 /* Stage.xcconfig */;
			buildSettings = {
				ALWAYS_SEARCH_USER_PATHS = NO;
				CLANG_ANALYZER_NONNULL = YES;
				CLANG_ANALYZER_NUMBER_OBJECT_CONVERSION = YES_AGGRESSIVE;
				CLANG_CXX_LANGUAGE_STANDARD = "gnu++17";
				CLANG_CXX_LIBRARY = "libc++";
				CLANG_ENABLE_MODULES = YES;
				CLANG_ENABLE_OBJC_ARC = YES;
				CLANG_ENABLE_OBJC_WEAK = YES;
				CLANG_WARN_BLOCK_CAPTURE_AUTORELEASING = YES;
				CLANG_WARN_BOOL_CONVERSION = YES;
				CLANG_WARN_COMMA = YES;
				CLANG_WARN_CONSTANT_CONVERSION = YES;
				CLANG_WARN_DEPRECATED_OBJC_IMPLEMENTATIONS = YES;
				CLANG_WARN_DIRECT_OBJC_ISA_USAGE = YES_ERROR;
				CLANG_WARN_DOCUMENTATION_COMMENTS = YES;
				CLANG_WARN_EMPTY_BODY = YES;
				CLANG_WARN_ENUM_CONVERSION = YES;
				CLANG_WARN_INFINITE_RECURSION = YES;
				CLANG_WARN_INT_CONVERSION = YES;
				CLANG_WARN_NON_LITERAL_NULL_CONVERSION = YES;
				CLANG_WARN_OBJC_IMPLICIT_RETAIN_SELF = YES;
				CLANG_WARN_OBJC_LITERAL_CONVERSION = YES;
				CLANG_WARN_OBJC_ROOT_CLASS = YES_ERROR;
				CLANG_WARN_QUOTED_INCLUDE_IN_FRAMEWORK_HEADER = YES;
				CLANG_WARN_RANGE_LOOP_ANALYSIS = YES;
				CLANG_WARN_STRICT_PROTOTYPES = YES;
				CLANG_WARN_SUSPICIOUS_MOVE = YES;
				CLANG_WARN_UNGUARDED_AVAILABILITY = YES_AGGRESSIVE;
				CLANG_WARN_UNREACHABLE_CODE = YES;
				CLANG_WARN__DUPLICATE_METHOD_MATCH = YES;
				COPY_PHASE_STRIP = NO;
				DEBUG_INFORMATION_FORMAT = dwarf;
				ENABLE_STRICT_OBJC_MSGSEND = YES;
				ENABLE_TESTABILITY = YES;
				GCC_C_LANGUAGE_STANDARD = gnu11;
				GCC_DYNAMIC_NO_PIC = NO;
				GCC_NO_COMMON_BLOCKS = YES;
				GCC_OPTIMIZATION_LEVEL = 0;
				GCC_PREPROCESSOR_DEFINITIONS = (
					"DEBUG=1",
					"$(inherited)",
				);
				GCC_WARN_64_TO_32_BIT_CONVERSION = YES;
				GCC_WARN_ABOUT_RETURN_TYPE = YES_ERROR;
				GCC_WARN_UNDECLARED_SELECTOR = YES;
				GCC_WARN_UNINITIALIZED_AUTOS = YES_AGGRESSIVE;
				GCC_WARN_UNUSED_FUNCTION = YES;
				GCC_WARN_UNUSED_VARIABLE = YES;
				IPHONEOS_DEPLOYMENT_TARGET = 13.0;
				MTL_ENABLE_DEBUG_INFO = INCLUDE_SOURCE;
				MTL_FAST_MATH = YES;
				ONLY_ACTIVE_ARCH = YES;
				SDKROOT = iphoneos;
				SWIFT_ACTIVE_COMPILATION_CONDITIONS = DEBUG;
				SWIFT_OPTIMIZATION_LEVEL = "-Onone";
			};
			name = Stage;
		};
		6773834227470838003643E4 /* Stage */ = {
			isa = XCBuildConfiguration;
			baseConfigurationReference = AB9F61A77B918599C1AD816F /* Pods-OCS.stage.xcconfig */;
			buildSettings = {
				ASSETCATALOG_COMPILER_APPICON_NAME = "${OCS_APP_ICON}";
				ASSETCATALOG_COMPILER_GLOBAL_ACCENT_COLOR_NAME = AccentColor;
				CODE_SIGN_STYLE = Automatic;
				CURRENT_PROJECT_VERSION = 1;
				DEVELOPMENT_TEAM = ARP9YH6Q9Z;
				ENABLE_TESTABILITY = YES;
				GENERATE_INFOPLIST_FILE = YES;
				INFOPLIST_FILE = OCS/Resources/Info.plist;
				INFOPLIST_KEY_UIApplicationSupportsIndirectInputEvents = YES;
				INFOPLIST_KEY_UILaunchStoryboardName = LaunchScreen;
				INFOPLIST_KEY_UISupportedInterfaceOrientations_iPad = "UIInterfaceOrientationPortrait UIInterfaceOrientationPortraitUpsideDown UIInterfaceOrientationLandscapeLeft UIInterfaceOrientationLandscapeRight";
				INFOPLIST_KEY_UISupportedInterfaceOrientations_iPhone = "UIInterfaceOrientationPortrait UIInterfaceOrientationLandscapeLeft UIInterfaceOrientationLandscapeRight";
				IPHONEOS_DEPLOYMENT_TARGET = 13.0;
				LD_RUNPATH_SEARCH_PATHS = (
					"$(inherited)",
					"@executable_path/Frameworks",
				);
				MARKETING_VERSION = 1.0;
				PRODUCT_BUNDLE_IDENTIFIER = "${OCS_APP_BUNDLE_IDENTIFIER}";
				PRODUCT_NAME = "$(TARGET_NAME)";
				SWIFT_EMIT_LOC_STRINGS = YES;
				SWIFT_VERSION = 5.0;
				TARGETED_DEVICE_FAMILY = "1,2";
			};
			name = Stage;
		};
		6773834327470838003643E4 /* Stage */ = {
			isa = XCBuildConfiguration;
			baseConfigurationReference = 2E71DD78211192362495A1F4 /* Pods-OCSTests.stage.xcconfig */;
			buildSettings = {
				BUNDLE_LOADER = "$(TEST_HOST)";
				CLANG_ENABLE_MODULES = YES;
				CODE_SIGN_STYLE = Automatic;
				CURRENT_PROJECT_VERSION = 1;
				DEVELOPMENT_TEAM = ARP9YH6Q9Z;
				GENERATE_INFOPLIST_FILE = YES;
				LD_RUNPATH_SEARCH_PATHS = (
					"$(inherited)",
					"@executable_path/Frameworks",
					"@loader_path/Frameworks",
				);
				MARKETING_VERSION = 1.0;
				PRODUCT_BUNDLE_IDENTIFIER = com.amine.OCSTests;
				PRODUCT_NAME = "$(TARGET_NAME)";
				SWIFT_EMIT_LOC_STRINGS = NO;
				SWIFT_OPTIMIZATION_LEVEL = "-Onone";
				SWIFT_VERSION = 5.0;
				TARGETED_DEVICE_FAMILY = "1,2";
				TEST_HOST = "$(BUILT_PRODUCTS_DIR)/OCS.app/OCS";
			};
			name = Stage;
		};
/* End XCBuildConfiguration section */

/* Begin XCConfigurationList section */
		677383012746FDB6003643E4 /* Build configuration list for PBXProject "OCS" */ = {
			isa = XCConfigurationList;
			buildConfigurations = (
				677383182746FDB8003643E4 /* Dev */,
				6773834127470838003643E4 /* Stage */,
				677383192746FDB8003643E4 /* Prod */,
			);
			defaultConfigurationIsVisible = 0;
			defaultConfigurationName = Prod;
		};
		6773831A2746FDB8003643E4 /* Build configuration list for PBXNativeTarget "OCS" */ = {
			isa = XCConfigurationList;
			buildConfigurations = (
				6773831B2746FDB8003643E4 /* Dev */,
				6773834227470838003643E4 /* Stage */,
				6773831C2746FDB8003643E4 /* Prod */,
			);
			defaultConfigurationIsVisible = 0;
			defaultConfigurationName = Prod;
		};
		677383272746FDE0003643E4 /* Build configuration list for PBXNativeTarget "OCSTests" */ = {
			isa = XCConfigurationList;
			buildConfigurations = (
				677383282746FDE0003643E4 /* Dev */,
				6773834327470838003643E4 /* Stage */,
				677383292746FDE0003643E4 /* Prod */,
			);
			defaultConfigurationIsVisible = 0;
			defaultConfigurationName = Prod;
		};
/* End XCConfigurationList section */
	};
	rootObject = 677382FE2746FDB6003643E4 /* Project object */;
}
